lockfileVersion: 5.4

specifiers:
  zustand: ^4.1.5

devDependencies:
  zustand: 4.1.5

packages:

  /use-sync-external-store/1.2.0:
    resolution: {integrity: sha512-eEgnFxGQ1Ife9bzYs6VLi8/4X6CObHMw9Qr9tPY43iKwsPw8xE8+EFsf/2cFZ5S3esXgpWgtSCtLNS41F+sKPA==}
    peerDependencies:
      react: ^16.8.0 || ^17.0.0 || ^18.0.0
    dev: true

  /zustand/4.1.5:
    resolution: {integrity: sha512-PsdRT8Bvq22Yyh1tvpgdHNE7OAeFKqJXUxtJvj1Ixw2B9O2YZ1M34ImQ+xyZah4wZrR4lENMoDUutKPpyXCQ/Q==}
    engines: {node: '>=12.7.0'}
    peerDependencies:
      immer: '>=9.0'
      react: '>=16.8'
    peerDependenciesMeta:
      immer:
        optional: true
      react:
        optional: true
    dependencies:
      use-sync-external-store: 1.2.0
    dev: true
